
Microsoft Visual Studio Solution File, Format Version 12.00
# Visual Studio Version 17
VisualStudioVersion = 17.14.36408.4
MinimumVisualStudioVersion = 10.0.40219.1
Project("{FAE04EC0-301F-11D3-BF4B-00C04F79EFBC}") = "Genealogy.Api", "Genealogy.Api.csproj", "{B385A6CA-811D-D5F9-67DC-2B4029C61DAB}"
EndProject
Project("{FAE04EC0-301F-11D3-BF4B-00C04F79EFBC}") = "Genealogy.GedcomService", "..\Genealogy.GedcomService\Genealogy.GedcomService.csproj", "{662204D1-1948-4EEB-A4BA-F849A7A9F322}"
EndProject
Global
	GlobalSection(SolutionConfigurationPlatforms) = preSolution
		Debug|Any CPU = Debug|Any CPU
		Release|Any CPU = Release|Any CPU
	EndGlobalSection
	GlobalSection(ProjectConfigurationPlatforms) = postSolution
		{B385A6CA-811D-D5F9-67DC-2B4029C61DAB}.Debug|Any CPU.ActiveCfg = Debug|Any CPU
		{B385A6CA-811D-D5F9-67DC-2B4029C61DAB}.Debug|Any CPU.Build.0 = Debug|Any CPU
		{B385A6CA-811D-D5F9-67DC-2B4029C61DAB}.Release|Any CPU.ActiveCfg = Release|Any CPU
		{B385A6CA-811D-D5F9-67DC-2B4029C61DAB}.Release|Any CPU.Build.0 = Release|Any CPU
		{662204D1-1948-4EEB-A4BA-F849A7A9F322}.Debug|Any CPU.ActiveCfg = Debug|Any CPU
		{662204D1-1948-4EEB-A4BA-F849A7A9F322}.Debug|Any CPU.Build.0 = Debug|Any CPU
		{662204D1-1948-4EEB-A4BA-F849A7A9F322}.Release|Any CPU.ActiveCfg = Release|Any CPU
		{662204D1-1948-4EEB-A4BA-F849A7A9F322}.Release|Any CPU.Build.0 = Release|Any CPU
	EndGlobalSection
	GlobalSection(SolutionProperties) = preSolution
		HideSolutionNode = FALSE
	EndGlobalSection
	GlobalSection(ExtensibilityGlobals) = postSolution
		SolutionGuid = {D31FD697-5840-49C7-BEDE-9CCC585E9A9A}
	EndGlobalSection
EndGlobal
